// !$*UTF8*$!
{
	archiveVersion = 1;
	classes = {
	};
	objectVersion = 46;
	objects = {

/* Begin PBXBuildFile section */
		8CB84CCB1BC0785C00E1DE42 /* AppDelegate.swift in Sources */ = {isa = PBXBuildFile; fileRef = 8CB84CCA1BC0785C00E1DE42 /* AppDelegate.swift */; };
		8CB84CCD1BC0785C00E1DE42 /* ViewController.swift in Sources */ = {isa = PBXBuildFile; fileRef = 8CB84CCC1BC0785C00E1DE42 /* ViewController.swift */; };
		8CB84CD01BC0785C00E1DE42 /* Main.storyboard in Resources */ = {isa = PBXBuildFile; fileRef = 8CB84CCE1BC0785C00E1DE42 /* Main.storyboard */; };
		8CB84CD21BC0785C00E1DE42 /* Assets.xcassets in Resources */ = {isa = PBXBuildFile; fileRef = 8CB84CD11BC0785C00E1DE42 /* Assets.xcassets */; };
		8CB84CD51BC0785C00E1DE42 /* LaunchScreen.storyboard in Resources */ = {isa = PBXBuildFile; fileRef = 8CB84CD31BC0785C00E1DE42 /* LaunchScreen.storyboard */; };
/* End PBXBuildFile section */

/* Begin PBXFileReference section */
		8CB84CC71BC0785C00E1DE42 /* Homework1.app */ = {isa = PBXFileReference; explicitFileType = wrapper.application; includeInIndex = 0; path = Homework1.app; sourceTree = BUILT_PRODUCTS_DIR; };
		8CB84CCA1BC0785C00E1DE42 /* AppDelegate.swift */ = {isa = PBXFileReference; lastKnownFileType = sourcecode.swift; path = AppDelegate.swift; sourceTree = "<group>"; };
		8CB84CCC1BC0785C00E1DE42 /* ViewController.swift */ = {isa = PBXFileReference; lastKnownFileType = sourcecode.swift; path = ViewController.swift; sourceTree = "<group>"; };
		8CB84CCF1BC0785C00E1DE42 /* Base */ = {isa = PBXFileReference; lastKnownFileType = file.storyboard; name = Base; path = Base.lproj/Main.storyboard; sourceTree = "<group>"; };
		8CB84CD11BC0785C00E1DE42 /* Assets.xcassets */ = {isa = PBXFileReference; lastKnownFileType = folder.assetcatalog; path = Assets.xcassets; sourceTree = "<group>"; };
		8CB84CD41BC0785C00E1DE42 /* Base */ = {isa = PBXFileReference; lastKnownFileType = file.storyboard; name = Base; path = Base.lproj/LaunchScreen.storyboard; sourceTree = "<group>"; };
		8CB84CD61BC0785C00E1DE42 /* Info.plist */ = {isa = PBXFileReference; lastKnownFileType = text.plist.xml; path = Info.plist; sourceTree = "<group>"; };
/* End PBXFileReference section */

/* Begin PBXFrameworksBuildPhase section */
		8CB84CC41BC0785C00E1DE42 /* Frameworks */ = {
			isa = PBXFrameworksBuildPhase;
			buildActionMask = 2147483647;
			files = (
			);
			runOnlyForDeploymentPostprocessing = 0;
		};
/* End PBXFrameworksBuildPhase section */

/* Begin PBXGroup section */
		8CB84CBE1BC0785C00E1DE42 = {
			isa = PBXGroup;
			children = (
				8CB84CC91BC0785C00E1DE42 /* Homework1 */,
				8CB84CC81BC0785C00E1DE42 /* Products */,
			);
			sourceTree = "<group>";
		};
		8CB84CC81BC0785C00E1DE42 /* Products */ = {
			isa = PBXGroup;
			children = (
				8CB84CC71BC0785C00E1DE42 /* Homework1.app */,
			);
			name = Products;
			sourceTree = "<group>";
		};
		8CB84CC91BC0785C00E1DE42 /* Homework1 */ = {
			isa = PBXGroup;
			children = (
				8CB84CCA1BC0785C00E1DE42 /* AppDelegate.swift */,
				8CB84CCC1BC0785C00E1DE42 /* ViewController.swift */,
				8CB84CCE1BC0785C00E1DE42 /* Main.storyboard */,
				8CB84CD11BC0785C00E1DE42 /* Assets.xcassets */,
				8CB84CD31BC0785C00E1DE42 /* LaunchScreen.storyboard */,
				8CB84CD61BC0785C00E1DE42 /* Info.plist */,
			);
			path = Homework1;
			sourceTree = "<group>";
		};
/* End PBXGroup section */

/* Begin PBXNativeTarget section */
		8CB84CC61BC0785C00E1DE42 /* Homework1 */ = {
			isa = PBXNativeTarget;
			buildConfigurationList = 8CB84CD91BC0785C00E1DE42 /* Build configuration list for PBXNativeTarget "Homework1" */;
			buildPhases = (
				8CB84CC31BC0785C00E1DE42 /* Sources */,
				8CB84CC41BC0785C00E1DE42 /* Frameworks */,
				8CB84CC51BC0785C00E1DE42 /* Resources */,
			);
			buildRules = (
			);
			dependencies = (
			);
			name = Homework1;
			productName = Homework1;
			productReference = 8CB84CC71BC0785C00E1DE42 /* Homework1.app */;
			productType = "com.apple.product-type.application";
		};
/* End PBXNativeTarget section */

/* Begin PBXProject section */
		8CB84CBF1BC0785C00E1DE42 /* Project object */ = {
			isa = PBXProject;
			attributes = {
				LastUpgradeCheck = 0700;
				ORGANIZATIONNAME = SHLEE;
				TargetAttributes = {
					8CB84CC61BC0785C00E1DE42 = {
						CreatedOnToolsVersion = 7.0.1;
					};
				};
			};
			buildConfigurationList = 8CB84CC21BC0785C00E1DE42 /* Build configuration list for PBXProject "T-Calculator" */;
			compatibilityVersion = "Xcode 3.2";
			developmentRegion = English;
			hasScannedForEncodings = 0;
			knownRegions = (
				en,
				Base,
			);
			mainGroup = 8CB84CBE1BC0785C00E1DE42;
			productRefGroup = 8CB84CC81BC0785C00E1DE42 /* Products */;
			projectDirPath = "";
			projectRoot = "";
			targets = (
				8CB84CC61BC0785C00E1DE42 /* Homework1 */,
			);
		};
/* End PBXProject section */

/* Begin PBXResourcesBuildPhase section */
		8CB84CC51BC0785C00E1DE42 /* Resources */ = {
			isa = PBXResourcesBuildPhase;
			buildActionMask = 2147483647;
			files = (
				8CB84CD51BC0785C00E1DE42 /* LaunchScreen.storyboard in Resources */,
				8CB84CD21BC0785C00E1DE42 /* Assets.xcassets in Resources */,
				8CB84CD01BC0785C00E1DE42 /* Main.storyboard in Resources */,
			);
			runOnlyForDeploymentPostprocessing = 0;
		};
/* End PBXResourcesBuildPhase section */

/* Begin PBXSourcesBuildPhase section */
		8CB84CC31BC0785C00E1DE42 /* Sources */ = {
			isa = PBXSourcesBuildPhase;
			buildActionMask = 2147483647;
			files = (
				8CB84CCD1BC0785C00E1DE42 /* ViewController.swift in Sources */,
				8CB84CCB1BC0785C00E1DE42 /* AppDelegate.swift in Sources */,
			);
			runOnlyForDeploymentPostprocessing = 0;
		};
/* End PBXSourcesBuildPhase section */

/* Begin PBXVariantGroup section */
		8CB84CCE1BC0785C00E1DE42 /* Main.storyboard */ = {
			isa = PBXVariantGroup;
			children = (
				8CB84CCF1BC0785C00E1DE42 /* Base */,
			);
			name = Main.storyboard;
			sourceTree = "<group>";
		};
		8CB84CD31BC0785C00E1DE42 /* LaunchScreen.storyboard */ = {
			isa = PBXVariantGroup;
			children = (
				8CB84CD41BC0785C00E1DE42 /* Base */,
			);
			name = LaunchScreen.storyboard;
			sourceTree = "<group>";
		};
/* End PBXVariantGroup section */

/* Begin XCBuildConfiguration section */
		8CB84CD71BC0785C00E1DE42 /* Debug */ = {
			isa = XCBuildConfiguration;
			buildSettings = {
				ALWAYS_SEARCH_USER_PATHS = NO;
				CLANG_CXX_LANGUAGE_STANDARD = "gnu++0x";
				CLANG_CXX_LIBRARY = "libc++";
				CLANG_ENABLE_MODULES = YES;
				CLANG_ENABLE_OBJC_ARC = YES;
				CLANG_WARN_BOOL_CONVERSION = YES;
				CLANG_WARN_CONSTANT_CONVERSION = YES;
				CLANG_WARN_DIRECT_OBJC_ISA_USAGE = YES_ERROR;
				CLANG_WARN_EMPTY_BODY = YES;
				CLANG_WARN_ENUM_CONVERSION = YES;
				CLANG_WARN_INT_CONVERSION = YES;
				CLANG_WARN_OBJC_ROOT_CLASS = YES_ERROR;
				CLANG_WARN_UNREACHABLE_CODE = YES;
				CLANG_WARN__DUPLICATE_METHOD_MATCH = YES;
				"CODE_SIGN_IDENTITY[sdk=iphoneos*]" = "iPhone Developer";
				COPY_PHASE_STRIP = NO;
				DEBUG_INFORMATION_FORMAT = dwarf;
				ENABLE_STRICT_OBJC_MSGSEND = YES;
				ENABLE_TESTABILITY = YES;
				GCC_C_LANGUAGE_STANDARD = gnu99;
				GCC_DYNAMIC_NO_PIC = NO;
				GCC_NO_COMMON_BLOCKS = YES;
				GCC_OPTIMIZATION_LEVEL = 0;
				GCC_PREPROCESSOR_DEFINITIONS = (
					"DEBUG=1",
					"$(inherited)",
				);
				GCC_WARN_64_TO_32_BIT_CONVERSION = YES;
				GCC_WARN_ABOUT_RETURN_TYPE = YES_ERROR;
				GCC_WARN_UNDECLARED_SELECTOR = YES;
				GCC_WARN_UNINITIALIZED_AUTOS = YES_AGGRESSIVE;
				GCC_WARN_UNUSED_FUNCTION = YES;
				GCC_WARN_UNUSED_VARIABLE = YES;
				IPHONEOS_DEPLOYMENT_TARGET = 9.0;
				MTL_ENABLE_DEBUG_INFO = YES;
				ONLY_ACTIVE_ARCH = YES;
				SDKROOT = iphoneos;
				SWIFT_OPTIMIZATION_LEVEL = "-Onone";
			};
			name = Debug;
		};
		8CB84CD81BC0785C00E1DE42 /* Release */ = {
			isa = XCBuildConfiguration;
			buildSettings = {
				ALWAYS_SEARCH_USER_PATHS = NO;
				CLANG_CXX_LANGUAGE_STANDARD = "gnu++0x";
				CLANG_CXX_LIBRARY = "libc++";
				CLANG_ENABLE_MODULES = YES;
				CLANG_ENABLE_OBJC_ARC = YES;
				CLANG_WARN_BOOL_CONVERSION = YES;
				CLANG_WARN_CONSTANT_CONVERSION = YES;
				CLANG_WARN_DIRECT_OBJC_ISA_USAGE = YES_ERROR;
				CLANG_WARN_EMPTY_BODY = YES;
				CLANG_WARN_ENUM_CONVERSION = YES;
				CLANG_WARN_INT_CONVERSION = YES;
				CLANG_WARN_OBJC_ROOT_CLASS = YES_ERROR;
				CLANG_WARN_UNREACHABLE_CODE = YES;
				CLANG_WARN__DUPLICATE_METHOD_MATCH = YES;
				"CODE_SIGN_IDENTITY[sdk=iphoneos*]" = "iPhone Developer";
				COPY_PHASE_STRIP = NO;
				DEBUG_INFORMATION_FORMAT = "dwarf-with-dsym";
				ENABLE_NS_ASSERTIONS = NO;
				ENABLE_STRICT_OBJC_MSGSEND = YES;
				GCC_C_LANGUAGE_STANDARD = gnu99;
				GCC_NO_COMMON_BLOCKS = YES;
				GCC_WARN_64_TO_32_BIT_CONVERSION = YES;
				GCC_WARN_ABOUT_RETURN_TYPE = YES_ERROR;
				GCC_WARN_UNDECLARED_SELECTOR = YES;
				GCC_WARN_UNINITIALIZED_AUTOS = YES_AGGRESSIVE;
				GCC_WARN_UNUSED_FUNCTION = YES;
				GCC_WARN_UNUSED_VARIABLE = YES;
				IPHONEOS_DEPLOYMENT_TARGET = 9.0;
				MTL_ENABLE_DEBUG_INFO = NO;
				SDKROOT = iphoneos;
				VALIDATE_PRODUCT = YES;
			};
			name = Release;
		};
		8CB84CDA1BC0785C00E1DE42 /* Debug */ = {
			isa = XCBuildConfiguration;
			buildSettings = {
				ASSETCATALOG_COMPILER_APPICON_NAME = AppIcon;
				INFOPLIST_FILE = Homework1/Info.plist;
				LD_RUNPATH_SEARCH_PATHS = "$(inherited) @executable_path/Frameworks";
				PRODUCT_BUNDLE_IDENTIFIER = Visualvibes.Homework1;
				PRODUCT_NAME = "$(TARGET_NAME)";
			};
			name = Debug;
		};
		8CB84CDB1BC0785C00E1DE42 /* Release */ = {
			isa = XCBuildConfiguration;
			buildSettings = {
				ASSETCATALOG_COMPILER_APPICON_NAME = AppIcon;
				INFOPLIST_FILE = Homework1/Info.plist;
				LD_RUNPATH_SEARCH_PATHS = "$(inherited) @executable_path/Frameworks";
				PRODUCT_BUNDLE_IDENTIFIER = Visualvibes.Homework1;
				PRODUCT_NAME = "$(TARGET_NAME)";
			};
			name = Release;
		};
/* End XCBuildConfiguration section */

/* Begin XCConfigurationList section */
		8CB84CC21BC0785C00E1DE42 /* Build configuration list for PBXProject "T-Calculator" */ = {
			isa = XCConfigurationList;
			buildConfigurations = (
				8CB84CD71BC0785C00E1DE42 /* Debug */,
				8CB84CD81BC0785C00E1DE42 /* Release */,
			);
			defaultConfigurationIsVisible = 0;
			defaultConfigurationName = Release;
		};
		8CB84CD91BC0785C00E1DE42 /* Build configuration list for PBXNativeTarget "Homework1" */ = {
			isa = XCConfigurationList;
			buildConfigurations = (
				8CB84CDA1BC0785C00E1DE42 /* Debug */,
				8CB84CDB1BC0785C00E1DE42 /* Release */,
			);
			defaultConfigurationIsVisible = 0;
			defaultConfigurationName = Release;
		};
/* End XCConfigurationList section */
	};
	rootObject = 8CB84CBF1BC0785C00E1DE42 /* Project object */;
}
